
Microsoft Visual Studio Solution File, Format Version 12.00
# Visual Studio Version 17
VisualStudioVersion = 17.5.33627.172
MinimumVisualStudioVersion = 10.0.40219.1
Project("{FAE04EC0-301F-11D3-BF4B-00C04F79EFBC}") = "Semana1_Ej3", "Semana1_Ej3.csproj", "{AD725D90-AB46-42C7-98F2-02ACA3F285DC}"
EndProject
Global
	GlobalSection(SolutionConfigurationPlatforms) = preSolution
		Debug|Any CPU = Debug|Any CPU
		Release|Any CPU = Release|Any CPU
	EndGlobalSection
	GlobalSection(ProjectConfigurationPlatforms) = postSolution
		{AD725D90-AB46-42C7-98F2-02ACA3F285DC}.Debug|Any CPU.ActiveCfg = Debug|Any CPU
		{AD725D90-AB46-42C7-98F2-02ACA3F285DC}.Debug|Any CPU.Build.0 = Debug|Any CPU
		{AD725D90-AB46-42C7-98F2-02ACA3F285DC}.Release|Any CPU.ActiveCfg = Release|Any CPU
		{AD725D90-AB46-42C7-98F2-02ACA3F285DC}.Release|Any CPU.Build.0 = Release|Any CPU
	EndGlobalSection
	GlobalSection(SolutionProperties) = preSolution
		HideSolutionNode = FALSE
	EndGlobalSection
	GlobalSection(ExtensibilityGlobals) = postSolution
		SolutionGuid = {8C636700-5FCB-41BB-89D0-7F31CAE828DE}
	EndGlobalSection
EndGlobal
