
Microsoft Visual Studio Solution File, Format Version 12.00
# Visual Studio Version 17
VisualStudioVersion = 17.13.35913.81 d17.13
MinimumVisualStudioVersion = 10.0.40219.1
Project("{FAE04EC0-301F-11D3-BF4B-00C04F79EFBC}") = "ejemplo1-switch", "ejemplo1-switch\ejemplo1-switch.csproj", "{AFC30235-ACCE-4258-94A5-30DCDF7E1FAE}"
EndProject
Global
	GlobalSection(SolutionConfigurationPlatforms) = preSolution
		Debug|Any CPU = Debug|Any CPU
		Release|Any CPU = Release|Any CPU
	EndGlobalSection
	GlobalSection(ProjectConfigurationPlatforms) = postSolution
		{AFC30235-ACCE-4258-94A5-30DCDF7E1FAE}.Debug|Any CPU.ActiveCfg = Debug|Any CPU
		{AFC30235-ACCE-4258-94A5-30DCDF7E1FAE}.Debug|Any CPU.Build.0 = Debug|Any CPU
		{AFC30235-ACCE-4258-94A5-30DCDF7E1FAE}.Release|Any CPU.ActiveCfg = Release|Any CPU
		{AFC30235-ACCE-4258-94A5-30DCDF7E1FAE}.Release|Any CPU.Build.0 = Release|Any CPU
	EndGlobalSection
	GlobalSection(SolutionProperties) = preSolution
		HideSolutionNode = FALSE
	EndGlobalSection
	GlobalSection(ExtensibilityGlobals) = postSolution
		SolutionGuid = {B8D0212D-58AD-4905-A5C8-FCECB49033F8}
	EndGlobalSection
EndGlobal
